
Microsoft Visual Studio Solution File, Format Version 12.00
# Visual Studio Version 16
VisualStudioVersion = 16.0.30002.166
MinimumVisualStudioVersion = 10.0.40219.1
Project("{FAE04EC0-301F-11D3-BF4B-00C04F79EFBC}") = "Sample01", "Sample01\Sample01.csproj", "{812D724E-3116-4FD7-92F5-F6C47BB5DA6B}"
EndProject
Global
	GlobalSection(SolutionConfigurationPlatforms) = preSolution
		Debug|Any CPU = Debug|Any CPU
		Release|Any CPU = Release|Any CPU
	EndGlobalSection
	GlobalSection(ProjectConfigurationPlatforms) = postSolution
		{812D724E-3116-4FD7-92F5-F6C47BB5DA6B}.Debug|Any CPU.ActiveCfg = Debug|Any CPU
		{812D724E-3116-4FD7-92F5-F6C47BB5DA6B}.Debug|Any CPU.Build.0 = Debug|Any CPU
		{812D724E-3116-4FD7-92F5-F6C47BB5DA6B}.Release|Any CPU.ActiveCfg = Release|Any CPU
		{812D724E-3116-4FD7-92F5-F6C47BB5DA6B}.Release|Any CPU.Build.0 = Release|Any CPU
	EndGlobalSection
	GlobalSection(SolutionProperties) = preSolution
		HideSolutionNode = FALSE
	EndGlobalSection
	GlobalSection(ExtensibilityGlobals) = postSolution
		SolutionGuid = {2A2C46EE-FE87-4B7E-819E-BA95DF649FC8}
	EndGlobalSection
EndGlobal
