
Microsoft Visual Studio Solution File, Format Version 12.00
# Visual Studio Version 16
VisualStudioVersion = 16.0.30002.166
MinimumVisualStudioVersion = 10.0.40219.1
Project("{FAE04EC0-301F-11D3-BF4B-00C04F79EFBC}") = "Sample01", "Sample01\Sample01.csproj", "{9C538D86-18DF-44F4-AE0A-C666F579F650}"
EndProject
Global
	GlobalSection(SolutionConfigurationPlatforms) = preSolution
		Debug|Any CPU = Debug|Any CPU
		Release|Any CPU = Release|Any CPU
	EndGlobalSection
	GlobalSection(ProjectConfigurationPlatforms) = postSolution
		{9C538D86-18DF-44F4-AE0A-C666F579F650}.Debug|Any CPU.ActiveCfg = Debug|Any CPU
		{9C538D86-18DF-44F4-AE0A-C666F579F650}.Debug|Any CPU.Build.0 = Debug|Any CPU
		{9C538D86-18DF-44F4-AE0A-C666F579F650}.Release|Any CPU.ActiveCfg = Release|Any CPU
		{9C538D86-18DF-44F4-AE0A-C666F579F650}.Release|Any CPU.Build.0 = Release|Any CPU
	EndGlobalSection
	GlobalSection(SolutionProperties) = preSolution
		HideSolutionNode = FALSE
	EndGlobalSection
	GlobalSection(ExtensibilityGlobals) = postSolution
		SolutionGuid = {ABCA9A47-489C-48FA-B744-22D3E76A5DE4}
	EndGlobalSection
EndGlobal
