
Microsoft Visual Studio Solution File, Format Version 12.00
# Visual Studio Version 17
VisualStudioVersion = 17.5.002.0
MinimumVisualStudioVersion = 10.0.40219.1
Project("{9A19103F-16F7-4668-BE54-9A1E7A4F7556}") = "App", "App\App.csproj", "{66F94487-F778-46DC-8E93-68F21C18B979}"
EndProject
Project("{9A19103F-16F7-4668-BE54-9A1E7A4F7556}") = "Core", "Core\Core.csproj", "{C11F0EA8-BA81-4183-A426-09035F7FA863}"
EndProject
Project("{9A19103F-16F7-4668-BE54-9A1E7A4F7556}") = "Infrastructure", "Infrastructure\Infrastructure.csproj", "{8F6FB08F-3061-4D0B-8C2D-43CEE56448A8}"
EndProject
Global
	GlobalSection(SolutionConfigurationPlatforms) = preSolution
		Debug|Any CPU = Debug|Any CPU
		Release|Any CPU = Release|Any CPU
	EndGlobalSection
	GlobalSection(ProjectConfigurationPlatforms) = postSolution
		{66F94487-F778-46DC-8E93-68F21C18B979}.Debug|Any CPU.ActiveCfg = Debug|Any CPU
		{66F94487-F778-46DC-8E93-68F21C18B979}.Debug|Any CPU.Build.0 = Debug|Any CPU
		{66F94487-F778-46DC-8E93-68F21C18B979}.Release|Any CPU.ActiveCfg = Release|Any CPU
		{66F94487-F778-46DC-8E93-68F21C18B979}.Release|Any CPU.Build.0 = Release|Any CPU
		{C11F0EA8-BA81-4183-A426-09035F7FA863}.Debug|Any CPU.ActiveCfg = Debug|Any CPU
		{C11F0EA8-BA81-4183-A426-09035F7FA863}.Debug|Any CPU.Build.0 = Debug|Any CPU
		{C11F0EA8-BA81-4183-A426-09035F7FA863}.Release|Any CPU.ActiveCfg = Release|Any CPU
		{C11F0EA8-BA81-4183-A426-09035F7FA863}.Release|Any CPU.Build.0 = Release|Any CPU
		{8F6FB08F-3061-4D0B-8C2D-43CEE56448A8}.Debug|Any CPU.ActiveCfg = Debug|Any CPU
		{8F6FB08F-3061-4D0B-8C2D-43CEE56448A8}.Debug|Any CPU.Build.0 = Debug|Any CPU
		{8F6FB08F-3061-4D0B-8C2D-43CEE56448A8}.Release|Any CPU.ActiveCfg = Release|Any CPU
		{8F6FB08F-3061-4D0B-8C2D-43CEE56448A8}.Release|Any CPU.Build.0 = Release|Any CPU
	EndGlobalSection
	GlobalSection(SolutionProperties) = preSolution
		HideSolutionNode = FALSE
	EndGlobalSection
	GlobalSection(ExtensibilityGlobals) = postSolution
		SolutionGuid = {66E091ED-A07B-4365-92DD-78937284AA55}
	EndGlobalSection
EndGlobal
